
Microsoft Visual Studio Solution File, Format Version 12.00
# Visual Studio Version 17
VisualStudioVersion = 17.2.32616.157
MinimumVisualStudioVersion = 10.0.40219.1
Project("{FAE04EC0-301F-11D3-BF4B-00C04F79EFBC}") = "DeckofCardsAPI", "DeckofCardsAPI\DeckofCardsAPI.csproj", "{F6DE5FEF-78A3-4CE9-9029-6DE8F5FAC49B}"
EndProject
Global
	GlobalSection(SolutionConfigurationPlatforms) = preSolution
		Debug|Any CPU = Debug|Any CPU
		Release|Any CPU = Release|Any CPU
	EndGlobalSection
	GlobalSection(ProjectConfigurationPlatforms) = postSolution
		{F6DE5FEF-78A3-4CE9-9029-6DE8F5FAC49B}.Debug|Any CPU.ActiveCfg = Debug|Any CPU
		{F6DE5FEF-78A3-4CE9-9029-6DE8F5FAC49B}.Debug|Any CPU.Build.0 = Debug|Any CPU
		{F6DE5FEF-78A3-4CE9-9029-6DE8F5FAC49B}.Release|Any CPU.ActiveCfg = Release|Any CPU
		{F6DE5FEF-78A3-4CE9-9029-6DE8F5FAC49B}.Release|Any CPU.Build.0 = Release|Any CPU
	EndGlobalSection
	GlobalSection(SolutionProperties) = preSolution
		HideSolutionNode = FALSE
	EndGlobalSection
	GlobalSection(ExtensibilityGlobals) = postSolution
		SolutionGuid = {E1D14D42-74CF-4B60-9DB4-2E8149422E97}
	EndGlobalSection
EndGlobal
